
Microsoft Visual Studio Solution File, Format Version 12.00
# Visual Studio 15
VisualStudioVersion = 15.0.26430.6
MinimumVisualStudioVersion = 10.0.40219.1
Project("{FAE04EC0-301F-11D3-BF4B-00C04F79EFBC}") = "CleanRespository", "CleanRespository\CleanRespository.csproj", "{5F2424F5-06E6-4F2D-A9AE-35E512692D4B}"
EndProject
Project("{FAE04EC0-301F-11D3-BF4B-00C04F79EFBC}") = "Domain", "Domain\Domain.csproj", "{C9BE9F2D-6006-4395-B2B9-92F573F275E1}"
EndProject
Project("{FAE04EC0-301F-11D3-BF4B-00C04F79EFBC}") = "CleanRepository.Tests", "CleanRepository.Tests\CleanRepository.Tests.csproj", "{A53FCD0F-ABBC-41A4-870D-FE07C7C3EAB9}"
EndProject
Project("{FAE04EC0-301F-11D3-BF4B-00C04F79EFBC}") = "Persistence", "Persistence\Persistence.csproj", "{429AD23B-346E-4603-90A8-ADDCB2C1116A}"
EndProject
Project("{FAE04EC0-301F-11D3-BF4B-00C04F79EFBC}") = "Application", "Application\Application.csproj", "{90912334-CADB-4125-80ED-2D91538F9A91}"
EndProject
Project("{FAE04EC0-301F-11D3-BF4B-00C04F79EFBC}") = "Common", "Common\Common.csproj", "{98DB3C1B-CE26-44D7-8A90-500E297E130F}"
EndProject
Project("{FAE04EC0-301F-11D3-BF4B-00C04F79EFBC}") = "Service", "Service\Service.csproj", "{089E283F-83BF-42F8-8D78-343110A2BA2C}"
EndProject
Project("{2150E333-8FDC-42A3-9474-1A3956D46DE8}") = "Solution Items", "Solution Items", "{AFBBF7A1-E943-4669-9A82-AC32DA6E852C}"
	ProjectSection(SolutionItems) = preProject
		ReadMe.txt = ReadMe.txt
	EndProjectSection
EndProject
Project("{FAE04EC0-301F-11D3-BF4B-00C04F79EFBC}") = "Specification", "Specification\Specification.csproj", "{F16FE2BF-D11A-4D2B-A0A3-4ADD82D97F37}"
EndProject
Global
	GlobalSection(SolutionConfigurationPlatforms) = preSolution
		Debug|Any CPU = Debug|Any CPU
		Release|Any CPU = Release|Any CPU
	EndGlobalSection
	GlobalSection(ProjectConfigurationPlatforms) = postSolution
		{5F2424F5-06E6-4F2D-A9AE-35E512692D4B}.Debug|Any CPU.ActiveCfg = Debug|Any CPU
		{5F2424F5-06E6-4F2D-A9AE-35E512692D4B}.Debug|Any CPU.Build.0 = Debug|Any CPU
		{5F2424F5-06E6-4F2D-A9AE-35E512692D4B}.Release|Any CPU.ActiveCfg = Release|Any CPU
		{5F2424F5-06E6-4F2D-A9AE-35E512692D4B}.Release|Any CPU.Build.0 = Release|Any CPU
		{C9BE9F2D-6006-4395-B2B9-92F573F275E1}.Debug|Any CPU.ActiveCfg = Debug|Any CPU
		{C9BE9F2D-6006-4395-B2B9-92F573F275E1}.Debug|Any CPU.Build.0 = Debug|Any CPU
		{C9BE9F2D-6006-4395-B2B9-92F573F275E1}.Release|Any CPU.ActiveCfg = Release|Any CPU
		{C9BE9F2D-6006-4395-B2B9-92F573F275E1}.Release|Any CPU.Build.0 = Release|Any CPU
		{A53FCD0F-ABBC-41A4-870D-FE07C7C3EAB9}.Debug|Any CPU.ActiveCfg = Debug|Any CPU
		{A53FCD0F-ABBC-41A4-870D-FE07C7C3EAB9}.Debug|Any CPU.Build.0 = Debug|Any CPU
		{A53FCD0F-ABBC-41A4-870D-FE07C7C3EAB9}.Release|Any CPU.ActiveCfg = Release|Any CPU
		{A53FCD0F-ABBC-41A4-870D-FE07C7C3EAB9}.Release|Any CPU.Build.0 = Release|Any CPU
		{429AD23B-346E-4603-90A8-ADDCB2C1116A}.Debug|Any CPU.ActiveCfg = Debug|Any CPU
		{429AD23B-346E-4603-90A8-ADDCB2C1116A}.Debug|Any CPU.Build.0 = Debug|Any CPU
		{429AD23B-346E-4603-90A8-ADDCB2C1116A}.Release|Any CPU.ActiveCfg = Release|Any CPU
		{429AD23B-346E-4603-90A8-ADDCB2C1116A}.Release|Any CPU.Build.0 = Release|Any CPU
		{90912334-CADB-4125-80ED-2D91538F9A91}.Debug|Any CPU.ActiveCfg = Debug|Any CPU
		{90912334-CADB-4125-80ED-2D91538F9A91}.Debug|Any CPU.Build.0 = Debug|Any CPU
		{90912334-CADB-4125-80ED-2D91538F9A91}.Release|Any CPU.ActiveCfg = Release|Any CPU
		{90912334-CADB-4125-80ED-2D91538F9A91}.Release|Any CPU.Build.0 = Release|Any CPU
		{98DB3C1B-CE26-44D7-8A90-500E297E130F}.Debug|Any CPU.ActiveCfg = Debug|Any CPU
		{98DB3C1B-CE26-44D7-8A90-500E297E130F}.Debug|Any CPU.Build.0 = Debug|Any CPU
		{98DB3C1B-CE26-44D7-8A90-500E297E130F}.Release|Any CPU.ActiveCfg = Release|Any CPU
		{98DB3C1B-CE26-44D7-8A90-500E297E130F}.Release|Any CPU.Build.0 = Release|Any CPU
		{089E283F-83BF-42F8-8D78-343110A2BA2C}.Debug|Any CPU.ActiveCfg = Debug|Any CPU
		{089E283F-83BF-42F8-8D78-343110A2BA2C}.Debug|Any CPU.Build.0 = Debug|Any CPU
		{089E283F-83BF-42F8-8D78-343110A2BA2C}.Release|Any CPU.ActiveCfg = Release|Any CPU
		{089E283F-83BF-42F8-8D78-343110A2BA2C}.Release|Any CPU.Build.0 = Release|Any CPU
		{F16FE2BF-D11A-4D2B-A0A3-4ADD82D97F37}.Debug|Any CPU.ActiveCfg = Debug|Any CPU
		{F16FE2BF-D11A-4D2B-A0A3-4ADD82D97F37}.Debug|Any CPU.Build.0 = Debug|Any CPU
		{F16FE2BF-D11A-4D2B-A0A3-4ADD82D97F37}.Release|Any CPU.ActiveCfg = Release|Any CPU
		{F16FE2BF-D11A-4D2B-A0A3-4ADD82D97F37}.Release|Any CPU.Build.0 = Release|Any CPU
	EndGlobalSection
	GlobalSection(SolutionProperties) = preSolution
		HideSolutionNode = FALSE
	EndGlobalSection
EndGlobal
